// !$*UTF8*$!
{
	archiveVersion = 1;
	classes = {
	};
	objectVersion = 50;
	objects = {

/* Begin PBXBuildFile section */
		F4634365243D0D8900774D3B /* MassiveValidator.framework in Frameworks */ = {isa = PBXBuildFile; fileRef = F463435B243D0D8800774D3B /* MassiveValidator.framework */; };
		F463436A243D0D8900774D3B /* MassiveValidatorTests.swift in Sources */ = {isa = PBXBuildFile; fileRef = F4634369243D0D8900774D3B /* MassiveValidatorTests.swift */; };
		F463436C243D0D8900774D3B /* MassiveValidator.h in Headers */ = {isa = PBXBuildFile; fileRef = F463435E243D0D8800774D3B /* MassiveValidator.h */; settings = {ATTRIBUTES = (Public, ); }; };
		F4634377243D0DFC00774D3B /* UITextField_Extension.swift in Sources */ = {isa = PBXBuildFile; fileRef = F4634376243D0DFC00774D3B /* UITextField_Extension.swift */; };
		F463437F243D0E4800774D3B /* NameValidator.swift in Sources */ = {isa = PBXBuildFile; fileRef = F4634379243D0E4700774D3B /* NameValidator.swift */; };
		F4634380243D0E4800774D3B /* PhoneNumberValidator.swift in Sources */ = {isa = PBXBuildFile; fileRef = F463437A243D0E4800774D3B /* PhoneNumberValidator.swift */; };
		F4634381243D0E4800774D3B /* RequiredValidator.swift in Sources */ = {isa = PBXBuildFile; fileRef = F463437B243D0E4800774D3B /* RequiredValidator.swift */; };
		F4634382243D0E4800774D3B /* PasswordValidator.swift in Sources */ = {isa = PBXBuildFile; fileRef = F463437C243D0E4800774D3B /* PasswordValidator.swift */; };
		F4634383243D0E4800774D3B /* AgeValidator.swift in Sources */ = {isa = PBXBuildFile; fileRef = F463437D243D0E4800774D3B /* AgeValidator.swift */; };
		F4634384243D0E4800774D3B /* EmailValidator.swift in Sources */ = {isa = PBXBuildFile; fileRef = F463437E243D0E4800774D3B /* EmailValidator.swift */; };
		F463438F243D0E9E00774D3B /* VaildatorFactory.swift in Sources */ = {isa = PBXBuildFile; fileRef = F463438C243D0E9E00774D3B /* VaildatorFactory.swift */; };
		F4634390243D0E9E00774D3B /* ValidatorType.swift in Sources */ = {isa = PBXBuildFile; fileRef = F463438D243D0E9E00774D3B /* ValidatorType.swift */; };
		F4634391243D0E9E00774D3B /* Validatable.swift in Sources */ = {isa = PBXBuildFile; fileRef = F463438E243D0E9E00774D3B /* Validatable.swift */; };
/* End PBXBuildFile section */

/* Begin PBXContainerItemProxy section */
		F4634366243D0D8900774D3B /* PBXContainerItemProxy */ = {
			isa = PBXContainerItemProxy;
			containerPortal = F4634352243D0D8800774D3B /* Project object */;
			proxyType = 1;
			remoteGlobalIDString = F463435A243D0D8800774D3B;
			remoteInfo = MassiveValidator;
		};
/* End PBXContainerItemProxy section */

/* Begin PBXFileReference section */
		F463435B243D0D8800774D3B /* MassiveValidator.framework */ = {isa = PBXFileReference; explicitFileType = wrapper.framework; includeInIndex = 0; path = MassiveValidator.framework; sourceTree = BUILT_PRODUCTS_DIR; };
		F463435E243D0D8800774D3B /* MassiveValidator.h */ = {isa = PBXFileReference; lastKnownFileType = sourcecode.c.h; path = MassiveValidator.h; sourceTree = "<group>"; };
		F463435F243D0D8800774D3B /* Info.plist */ = {isa = PBXFileReference; lastKnownFileType = text.plist.xml; path = Info.plist; sourceTree = "<group>"; };
		F4634364243D0D8800774D3B /* MassiveValidatorTests.xctest */ = {isa = PBXFileReference; explicitFileType = wrapper.cfbundle; includeInIndex = 0; path = MassiveValidatorTests.xctest; sourceTree = BUILT_PRODUCTS_DIR; };
		F4634369243D0D8900774D3B /* MassiveValidatorTests.swift */ = {isa = PBXFileReference; lastKnownFileType = sourcecode.swift; path = MassiveValidatorTests.swift; sourceTree = "<group>"; };
		F463436B243D0D8900774D3B /* Info.plist */ = {isa = PBXFileReference; lastKnownFileType = text.plist.xml; path = Info.plist; sourceTree = "<group>"; };
		F4634376243D0DFC00774D3B /* UITextField_Extension.swift */ = {isa = PBXFileReference; lastKnownFileType = sourcecode.swift; path = UITextField_Extension.swift; sourceTree = "<group>"; };
		F4634379243D0E4700774D3B /* NameValidator.swift */ = {isa = PBXFileReference; fileEncoding = 4; lastKnownFileType = sourcecode.swift; path = NameValidator.swift; sourceTree = "<group>"; };
		F463437A243D0E4800774D3B /* PhoneNumberValidator.swift */ = {isa = PBXFileReference; fileEncoding = 4; lastKnownFileType = sourcecode.swift; path = PhoneNumberValidator.swift; sourceTree = "<group>"; };
		F463437B243D0E4800774D3B /* RequiredValidator.swift */ = {isa = PBXFileReference; fileEncoding = 4; lastKnownFileType = sourcecode.swift; path = RequiredValidator.swift; sourceTree = "<group>"; };
		F463437C243D0E4800774D3B /* PasswordValidator.swift */ = {isa = PBXFileReference; fileEncoding = 4; lastKnownFileType = sourcecode.swift; path = PasswordValidator.swift; sourceTree = "<group>"; };
		F463437D243D0E4800774D3B /* AgeValidator.swift */ = {isa = PBXFileReference; fileEncoding = 4; lastKnownFileType = sourcecode.swift; path = AgeValidator.swift; sourceTree = "<group>"; };
		F463437E243D0E4800774D3B /* EmailValidator.swift */ = {isa = PBXFileReference; fileEncoding = 4; lastKnownFileType = sourcecode.swift; path = EmailValidator.swift; sourceTree = "<group>"; };
		F463438C243D0E9E00774D3B /* VaildatorFactory.swift */ = {isa = PBXFileReference; fileEncoding = 4; lastKnownFileType = sourcecode.swift; path = VaildatorFactory.swift; sourceTree = "<group>"; };
		F463438D243D0E9E00774D3B /* ValidatorType.swift */ = {isa = PBXFileReference; fileEncoding = 4; lastKnownFileType = sourcecode.swift; path = ValidatorType.swift; sourceTree = "<group>"; };
		F463438E243D0E9E00774D3B /* Validatable.swift */ = {isa = PBXFileReference; fileEncoding = 4; lastKnownFileType = sourcecode.swift; path = Validatable.swift; sourceTree = "<group>"; };
/* End PBXFileReference section */

/* Begin PBXFrameworksBuildPhase section */
		F4634358243D0D8800774D3B /* Frameworks */ = {
			isa = PBXFrameworksBuildPhase;
			buildActionMask = 2147483647;
			files = (
			);
			runOnlyForDeploymentPostprocessing = 0;
		};
		F4634361243D0D8800774D3B /* Frameworks */ = {
			isa = PBXFrameworksBuildPhase;
			buildActionMask = 2147483647;
			files = (
				F4634365243D0D8900774D3B /* MassiveValidator.framework in Frameworks */,
			);
			runOnlyForDeploymentPostprocessing = 0;
		};
/* End PBXFrameworksBuildPhase section */

/* Begin PBXGroup section */
		F4634351243D0D8800774D3B = {
			isa = PBXGroup;
			children = (
				F463435D243D0D8800774D3B /* MassiveValidator */,
				F4634368243D0D8900774D3B /* MassiveValidatorTests */,
				F463435C243D0D8800774D3B /* Products */,
			);
			sourceTree = "<group>";
		};
		F463435C243D0D8800774D3B /* Products */ = {
			isa = PBXGroup;
			children = (
				F463435B243D0D8800774D3B /* MassiveValidator.framework */,
				F4634364243D0D8800774D3B /* MassiveValidatorTests.xctest */,
			);
			name = Products;
			sourceTree = "<group>";
		};
		F463435D243D0D8800774D3B /* MassiveValidator */ = {
			isa = PBXGroup;
			children = (
				F463438B243D0E7100774D3B /* Core */,
				F4634375243D0DE800774D3B /* Extension */,
				F463435E243D0D8800774D3B /* MassiveValidator.h */,
				F463435F243D0D8800774D3B /* Info.plist */,
			);
			path = MassiveValidator;
			sourceTree = "<group>";
		};
		F4634368243D0D8900774D3B /* MassiveValidatorTests */ = {
			isa = PBXGroup;
			children = (
				F4634369243D0D8900774D3B /* MassiveValidatorTests.swift */,
				F463436B243D0D8900774D3B /* Info.plist */,
			);
			path = MassiveValidatorTests;
			sourceTree = "<group>";
		};
		F4634375243D0DE800774D3B /* Extension */ = {
			isa = PBXGroup;
			children = (
				F4634376243D0DFC00774D3B /* UITextField_Extension.swift */,
			);
			path = Extension;
			sourceTree = "<group>";
		};
		F4634378243D0E1300774D3B /* ConcreteValidator */ = {
			isa = PBXGroup;
			children = (
				F463437D243D0E4800774D3B /* AgeValidator.swift */,
				F463437E243D0E4800774D3B /* EmailValidator.swift */,
				F4634379243D0E4700774D3B /* NameValidator.swift */,
				F463437C243D0E4800774D3B /* PasswordValidator.swift */,
				F463437A243D0E4800774D3B /* PhoneNumberValidator.swift */,
				F463437B243D0E4800774D3B /* RequiredValidator.swift */,
			);
			path = ConcreteValidator;
			sourceTree = "<group>";
		};
		F463438B243D0E7100774D3B /* Core */ = {
			isa = PBXGroup;
			children = (
				F4634378243D0E1300774D3B /* ConcreteValidator */,
				F463438C243D0E9E00774D3B /* VaildatorFactory.swift */,
				F463438E243D0E9E00774D3B /* Validatable.swift */,
				F463438D243D0E9E00774D3B /* ValidatorType.swift */,
			);
			path = Core;
			sourceTree = "<group>";
		};
/* End PBXGroup section */

/* Begin PBXHeadersBuildPhase section */
		F4634356243D0D8800774D3B /* Headers */ = {
			isa = PBXHeadersBuildPhase;
			buildActionMask = 2147483647;
			files = (
				F463436C243D0D8900774D3B /* MassiveValidator.h in Headers */,
			);
			runOnlyForDeploymentPostprocessing = 0;
		};
/* End PBXHeadersBuildPhase section */

/* Begin PBXNativeTarget section */
		F463435A243D0D8800774D3B /* MassiveValidator */ = {
			isa = PBXNativeTarget;
			buildConfigurationList = F463436F243D0D8900774D3B /* Build configuration list for PBXNativeTarget "MassiveValidator" */;
			buildPhases = (
				F4634356243D0D8800774D3B /* Headers */,
				F4634357243D0D8800774D3B /* Sources */,
				F4634358243D0D8800774D3B /* Frameworks */,
				F4634359243D0D8800774D3B /* Resources */,
			);
			buildRules = (
			);
			dependencies = (
			);
			name = MassiveValidator;
			productName = MassiveValidator;
			productReference = F463435B243D0D8800774D3B /* MassiveValidator.framework */;
			productType = "com.apple.product-type.framework";
		};
		F4634363243D0D8800774D3B /* MassiveValidatorTests */ = {
			isa = PBXNativeTarget;
			buildConfigurationList = F4634372243D0D8900774D3B /* Build configuration list for PBXNativeTarget "MassiveValidatorTests" */;
			buildPhases = (
				F4634360243D0D8800774D3B /* Sources */,
				F4634361243D0D8800774D3B /* Frameworks */,
				F4634362243D0D8800774D3B /* Resources */,
			);
			buildRules = (
			);
			dependencies = (
				F4634367243D0D8900774D3B /* PBXTargetDependency */,
			);
			name = MassiveValidatorTests;
			productName = MassiveValidatorTests;
			productReference = F4634364243D0D8800774D3B /* MassiveValidatorTests.xctest */;
			productType = "com.apple.product-type.bundle.unit-test";
		};
/* End PBXNativeTarget section */

/* Begin PBXProject section */
		F4634352243D0D8800774D3B /* Project object */ = {
			isa = PBXProject;
			attributes = {
				LastSwiftUpdateCheck = 1100;
				LastUpgradeCheck = 1100;
				ORGANIZATIONNAME = Altimetrik;
				TargetAttributes = {
					F463435A243D0D8800774D3B = {
						CreatedOnToolsVersion = 11.0;
						LastSwiftMigration = 1100;
					};
					F4634363243D0D8800774D3B = {
						CreatedOnToolsVersion = 11.0;
					};
				};
			};
			buildConfigurationList = F4634355243D0D8800774D3B /* Build configuration list for PBXProject "MassiveValidator" */;
			compatibilityVersion = "Xcode 9.3";
			developmentRegion = en;
			hasScannedForEncodings = 0;
			knownRegions = (
				en,
				Base,
			);
			mainGroup = F4634351243D0D8800774D3B;
			productRefGroup = F463435C243D0D8800774D3B /* Products */;
			projectDirPath = "";
			projectRoot = "";
			targets = (
				F463435A243D0D8800774D3B /* MassiveValidator */,
				F4634363243D0D8800774D3B /* MassiveValidatorTests */,
			);
		};
/* End PBXProject section */

/* Begin PBXResourcesBuildPhase section */
		F4634359243D0D8800774D3B /* Resources */ = {
			isa = PBXResourcesBuildPhase;
			buildActionMask = 2147483647;
			files = (
			);
			runOnlyForDeploymentPostprocessing = 0;
		};
		F4634362243D0D8800774D3B /* Resources */ = {
			isa = PBXResourcesBuildPhase;
			buildActionMask = 2147483647;
			files = (
			);
			runOnlyForDeploymentPostprocessing = 0;
		};
/* End PBXResourcesBuildPhase section */

/* Begin PBXSourcesBuildPhase section */
		F4634357243D0D8800774D3B /* Sources */ = {
			isa = PBXSourcesBuildPhase;
			buildActionMask = 2147483647;
			files = (
				F4634380243D0E4800774D3B /* PhoneNumberValidator.swift in Sources */,
				F4634384243D0E4800774D3B /* EmailValidator.swift in Sources */,
				F4634381243D0E4800774D3B /* RequiredValidator.swift in Sources */,
				F4634382243D0E4800774D3B /* PasswordValidator.swift in Sources */,
				F4634377243D0DFC00774D3B /* UITextField_Extension.swift in Sources */,
				F4634391243D0E9E00774D3B /* Validatable.swift in Sources */,
				F4634383243D0E4800774D3B /* AgeValidator.swift in Sources */,
				F4634390243D0E9E00774D3B /* ValidatorType.swift in Sources */,
				F463437F243D0E4800774D3B /* NameValidator.swift in Sources */,
				F463438F243D0E9E00774D3B /* VaildatorFactory.swift in Sources */,
			);
			runOnlyForDeploymentPostprocessing = 0;
		};
		F4634360243D0D8800774D3B /* Sources */ = {
			isa = PBXSourcesBuildPhase;
			buildActionMask = 2147483647;
			files = (
				F463436A243D0D8900774D3B /* MassiveValidatorTests.swift in Sources */,
			);
			runOnlyForDeploymentPostprocessing = 0;
		};
/* End PBXSourcesBuildPhase section */

/* Begin PBXTargetDependency section */
		F4634367243D0D8900774D3B /* PBXTargetDependency */ = {
			isa = PBXTargetDependency;
			target = F463435A243D0D8800774D3B /* MassiveValidator */;
			targetProxy = F4634366243D0D8900774D3B /* PBXContainerItemProxy */;
		};
/* End PBXTargetDependency section */

/* Begin XCBuildConfiguration section */
		F463436D243D0D8900774D3B /* Debug */ = {
			isa = XCBuildConfiguration;
			buildSettings = {
				ALWAYS_SEARCH_USER_PATHS = NO;
				CLANG_ANALYZER_NONNULL = YES;
				CLANG_ANALYZER_NUMBER_OBJECT_CONVERSION = YES_AGGRESSIVE;
				CLANG_CXX_LANGUAGE_STANDARD = "gnu++14";
				CLANG_CXX_LIBRARY = "libc++";
				CLANG_ENABLE_MODULES = YES;
				CLANG_ENABLE_OBJC_ARC = YES;
				CLANG_ENABLE_OBJC_WEAK = YES;
				CLANG_WARN_BLOCK_CAPTURE_AUTORELEASING = YES;
				CLANG_WARN_BOOL_CONVERSION = YES;
				CLANG_WARN_COMMA = YES;
				CLANG_WARN_CONSTANT_CONVERSION = YES;
				CLANG_WARN_DEPRECATED_OBJC_IMPLEMENTATIONS = YES;
				CLANG_WARN_DIRECT_OBJC_ISA_USAGE = YES_ERROR;
				CLANG_WARN_DOCUMENTATION_COMMENTS = YES;
				CLANG_WARN_EMPTY_BODY = YES;
				CLANG_WARN_ENUM_CONVERSION = YES;
				CLANG_WARN_INFINITE_RECURSION = YES;
				CLANG_WARN_INT_CONVERSION = YES;
				CLANG_WARN_NON_LITERAL_NULL_CONVERSION = YES;
				CLANG_WARN_OBJC_IMPLICIT_RETAIN_SELF = YES;
				CLANG_WARN_OBJC_LITERAL_CONVERSION = YES;
				CLANG_WARN_OBJC_ROOT_CLASS = YES_ERROR;
				CLANG_WARN_RANGE_LOOP_ANALYSIS = YES;
				CLANG_WARN_STRICT_PROTOTYPES = YES;
				CLANG_WARN_SUSPICIOUS_MOVE = YES;
				CLANG_WARN_UNGUARDED_AVAILABILITY = YES_AGGRESSIVE;
				CLANG_WARN_UNREACHABLE_CODE = YES;
				CLANG_WARN__DUPLICATE_METHOD_MATCH = YES;
				COPY_PHASE_STRIP = NO;
				CURRENT_PROJECT_VERSION = 1;
				DEBUG_INFORMATION_FORMAT = dwarf;
				ENABLE_STRICT_OBJC_MSGSEND = YES;
				ENABLE_TESTABILITY = YES;
				GCC_C_LANGUAGE_STANDARD = gnu11;
				GCC_DYNAMIC_NO_PIC = NO;
				GCC_NO_COMMON_BLOCKS = YES;
				GCC_OPTIMIZATION_LEVEL = 0;
				GCC_PREPROCESSOR_DEFINITIONS = (
					"DEBUG=1",
					"$(inherited)",
				);
				GCC_WARN_64_TO_32_BIT_CONVERSION = YES;
				GCC_WARN_ABOUT_RETURN_TYPE = YES_ERROR;
				GCC_WARN_UNDECLARED_SELECTOR = YES;
				GCC_WARN_UNINITIALIZED_AUTOS = YES_AGGRESSIVE;
				GCC_WARN_UNUSED_FUNCTION = YES;
				GCC_WARN_UNUSED_VARIABLE = YES;
				IPHONEOS_DEPLOYMENT_TARGET = 10.0;
				MTL_ENABLE_DEBUG_INFO = INCLUDE_SOURCE;
				MTL_FAST_MATH = YES;
				ONLY_ACTIVE_ARCH = YES;
				SDKROOT = iphoneos;
				SWIFT_ACTIVE_COMPILATION_CONDITIONS = DEBUG;
				SWIFT_OPTIMIZATION_LEVEL = "-Onone";
				SWIFT_VERSION = 5.0;
				VERSIONING_SYSTEM = "apple-generic";
				VERSION_INFO_PREFIX = "";
			};
			name = Debug;
		};
		F463436E243D0D8900774D3B /* Release */ = {
			isa = XCBuildConfiguration;
			buildSettings = {
				ALWAYS_SEARCH_USER_PATHS = NO;
				CLANG_ANALYZER_NONNULL = YES;
				CLANG_ANALYZER_NUMBER_OBJECT_CONVERSION = YES_AGGRESSIVE;
				CLANG_CXX_LANGUAGE_STANDARD = "gnu++14";
				CLANG_CXX_LIBRARY = "libc++";
				CLANG_ENABLE_MODULES = YES;
				CLANG_ENABLE_OBJC_ARC = YES;
				CLANG_ENABLE_OBJC_WEAK = YES;
				CLANG_WARN_BLOCK_CAPTURE_AUTORELEASING = YES;
				CLANG_WARN_BOOL_CONVERSION = YES;
				CLANG_WARN_COMMA = YES;
				CLANG_WARN_CONSTANT_CONVERSION = YES;
				CLANG_WARN_DEPRECATED_OBJC_IMPLEMENTATIONS = YES;
				CLANG_WARN_DIRECT_OBJC_ISA_USAGE = YES_ERROR;
				CLANG_WARN_DOCUMENTATION_COMMENTS = YES;
				CLANG_WARN_EMPTY_BODY = YES;
				CLANG_WARN_ENUM_CONVERSION = YES;
				CLANG_WARN_INFINITE_RECURSION = YES;
				CLANG_WARN_INT_CONVERSION = YES;
				CLANG_WARN_NON_LITERAL_NULL_CONVERSION = YES;
				CLANG_WARN_OBJC_IMPLICIT_RETAIN_SELF = YES;
				CLANG_WARN_OBJC_LITERAL_CONVERSION = YES;
				CLANG_WARN_OBJC_ROOT_CLASS = YES_ERROR;
				CLANG_WARN_RANGE_LOOP_ANALYSIS = YES;
				CLANG_WARN_STRICT_PROTOTYPES = YES;
				CLANG_WARN_SUSPICIOUS_MOVE = YES;
				CLANG_WARN_UNGUARDED_AVAILABILITY = YES_AGGRESSIVE;
				CLANG_WARN_UNREACHABLE_CODE = YES;
				CLANG_WARN__DUPLICATE_METHOD_MATCH = YES;
				COPY_PHASE_STRIP = NO;
				CURRENT_PROJECT_VERSION = 1;
				DEBUG_INFORMATION_FORMAT = "dwarf-with-dsym";
				ENABLE_NS_ASSERTIONS = NO;
				ENABLE_STRICT_OBJC_MSGSEND = YES;
				GCC_C_LANGUAGE_STANDARD = gnu11;
				GCC_NO_COMMON_BLOCKS = YES;
				GCC_WARN_64_TO_32_BIT_CONVERSION = YES;
				GCC_WARN_ABOUT_RETURN_TYPE = YES_ERROR;
				GCC_WARN_UNDECLARED_SELECTOR = YES;
				GCC_WARN_UNINITIALIZED_AUTOS = YES_AGGRESSIVE;
				GCC_WARN_UNUSED_FUNCTION = YES;
				GCC_WARN_UNUSED_VARIABLE = YES;
				IPHONEOS_DEPLOYMENT_TARGET = 10.0;
				MTL_ENABLE_DEBUG_INFO = NO;
				MTL_FAST_MATH = YES;
				SDKROOT = iphoneos;
				SWIFT_COMPILATION_MODE = wholemodule;
				SWIFT_OPTIMIZATION_LEVEL = "-O";
				SWIFT_VERSION = 5.0;
				VALIDATE_PRODUCT = YES;
				VERSIONING_SYSTEM = "apple-generic";
				VERSION_INFO_PREFIX = "";
			};
			name = Release;
		};
		F4634370243D0D8900774D3B /* Debug */ = {
			isa = XCBuildConfiguration;
			buildSettings = {
				CLANG_ENABLE_MODULES = YES;
				CODE_SIGN_STYLE = Automatic;
				DEFINES_MODULE = YES;
				DEVELOPMENT_TEAM = SN83FZJ9R5;
				DYLIB_COMPATIBILITY_VERSION = 1;
				DYLIB_CURRENT_VERSION = 1;
				DYLIB_INSTALL_NAME_BASE = "@rpath";
				INFOPLIST_FILE = MassiveValidator/Info.plist;
				INSTALL_PATH = "$(LOCAL_LIBRARY_DIR)/Frameworks";
				LD_RUNPATH_SEARCH_PATHS = (
					"$(inherited)",
					"@executable_path/Frameworks",
					"@loader_path/Frameworks",
				);
				PRODUCT_BUNDLE_IDENTIFIER = com.altimetrik.MassiveValidator;
				PRODUCT_NAME = "$(TARGET_NAME:c99extidentifier)";
				SKIP_INSTALL = YES;
				SWIFT_OPTIMIZATION_LEVEL = "-Onone";
				SWIFT_VERSION = 5.0;
				TARGETED_DEVICE_FAMILY = "1,2";
			};
			name = Debug;
		};
		F4634371243D0D8900774D3B /* Release */ = {
			isa = XCBuildConfiguration;
			buildSettings = {
				CLANG_ENABLE_MODULES = YES;
				CODE_SIGN_STYLE = Automatic;
				DEFINES_MODULE = YES;
				DEVELOPMENT_TEAM = SN83FZJ9R5;
				DYLIB_COMPATIBILITY_VERSION = 1;
				DYLIB_CURRENT_VERSION = 1;
				DYLIB_INSTALL_NAME_BASE = "@rpath";
				INFOPLIST_FILE = MassiveValidator/Info.plist;
				INSTALL_PATH = "$(LOCAL_LIBRARY_DIR)/Frameworks";
				LD_RUNPATH_SEARCH_PATHS = (
					"$(inherited)",
					"@executable_path/Frameworks",
					"@loader_path/Frameworks",
				);
				PRODUCT_BUNDLE_IDENTIFIER = com.altimetrik.MassiveValidator;
				PRODUCT_NAME = "$(TARGET_NAME:c99extidentifier)";
				SKIP_INSTALL = YES;
				SWIFT_VERSION = 5.0;
				TARGETED_DEVICE_FAMILY = "1,2";
			};
			name = Release;
		};
		F4634373243D0D8900774D3B /* Debug */ = {
			isa = XCBuildConfiguration;
			buildSettings = {
				ALWAYS_EMBED_SWIFT_STANDARD_LIBRARIES = YES;
				CODE_SIGN_STYLE = Automatic;
				DEVELOPMENT_TEAM = SN83FZJ9R5;
				INFOPLIST_FILE = MassiveValidatorTests/Info.plist;
				LD_RUNPATH_SEARCH_PATHS = (
					"$(inherited)",
					"@executable_path/Frameworks",
					"@loader_path/Frameworks",
				);
				PRODUCT_BUNDLE_IDENTIFIER = com.altimetrik.MassiveValidatorTests;
				PRODUCT_NAME = "$(TARGET_NAME)";
				SWIFT_VERSION = 5.0;
				TARGETED_DEVICE_FAMILY = "1,2";
			};
			name = Debug;
		};
		F4634374243D0D8900774D3B /* Release */ = {
			isa = XCBuildConfiguration;
			buildSettings = {
				ALWAYS_EMBED_SWIFT_STANDARD_LIBRARIES = YES;
				CODE_SIGN_STYLE = Automatic;
				DEVELOPMENT_TEAM = SN83FZJ9R5;
				INFOPLIST_FILE = MassiveValidatorTests/Info.plist;
				LD_RUNPATH_SEARCH_PATHS = (
					"$(inherited)",
					"@executable_path/Frameworks",
					"@loader_path/Frameworks",
				);
				PRODUCT_BUNDLE_IDENTIFIER = com.altimetrik.MassiveValidatorTests;
				PRODUCT_NAME = "$(TARGET_NAME)";
				SWIFT_VERSION = 5.0;
				TARGETED_DEVICE_FAMILY = "1,2";
			};
			name = Release;
		};
/* End XCBuildConfiguration section */

/* Begin XCConfigurationList section */
		F4634355243D0D8800774D3B /* Build configuration list for PBXProject "MassiveValidator" */ = {
			isa = XCConfigurationList;
			buildConfigurations = (
				F463436D243D0D8900774D3B /* Debug */,
				F463436E243D0D8900774D3B /* Release */,
			);
			defaultConfigurationIsVisible = 0;
			defaultConfigurationName = Release;
		};
		F463436F243D0D8900774D3B /* Build configuration list for PBXNativeTarget "MassiveValidator" */ = {
			isa = XCConfigurationList;
			buildConfigurations = (
				F4634370243D0D8900774D3B /* Debug */,
				F4634371243D0D8900774D3B /* Release */,
			);
			defaultConfigurationIsVisible = 0;
			defaultConfigurationName = Release;
		};
		F4634372243D0D8900774D3B /* Build configuration list for PBXNativeTarget "MassiveValidatorTests" */ = {
			isa = XCConfigurationList;
			buildConfigurations = (
				F4634373243D0D8900774D3B /* Debug */,
				F4634374243D0D8900774D3B /* Release */,
			);
			defaultConfigurationIsVisible = 0;
			defaultConfigurationName = Release;
		};
/* End XCConfigurationList section */
	};
	rootObject = F4634352243D0D8800774D3B /* Project object */;
}
